{
  "version": 4,
  "terraform_version": "1.14.0",
  "serial": 16,
  "lineage": "ec19fe9a-9d84-acd7-bb4c-7d40005123d0",
  "outputs": {
    "vm_ips": {
      "value": {
        "admin_workstation": null,
        "billing_server": null,
        "jump_server": null,
        "kali_attacker": null,
        "monitoring_server": null,
        "radius_server": "192.168.10.10/24",
        "web_server": null
      },
      "type": [
        "object",
        {
          "admin_workstation": "dynamic",
          "billing_server": "dynamic",
          "jump_server": "dynamic",
          "kali_attacker": "dynamic",
          "monitoring_server": "dynamic",
          "radius_server": "string",
          "web_server": "dynamic"
        }
      ]
    },
    "vm_names": {
      "value": {
        "admin_workstation": null,
        "billing_server": null,
        "jump_server": null,
        "kali_attacker": null,
        "monitoring_server": null,
        "radius_server": "radius-server",
        "web_server": null
      },
      "type": [
        "object",
        {
          "admin_workstation": "dynamic",
          "billing_server": "dynamic",
          "jump_server": "dynamic",
          "kali_attacker": "dynamic",
          "monitoring_server": "dynamic",
          "radius_server": "string",
          "web_server": "dynamic"
        }
      ]
    }
  },
  "resources": [
    {
      "module": "module.radius_server[0]",
      "mode": "managed",
      "type": "proxmox_vm_qemu",
      "name": "vm",
      "provider": "provider[\"registry.terraform.io/telmate/proxmox\"]",
      "instances": [
        {
          "index_key": 0,
          "schema_version": 0,
          "attributes": {
            "additional_wait": 5,
            "agent": 1,
            "agent_timeout": 90,
            "args": "",
            "automatic_reboot": true,
            "automatic_reboot_severity": "error",
            "balloon": 0,
            "bios": "seabios",
            "boot": "order=scsi0",
            "bootdisk": "",
            "ci_wait": null,
            "cicustom": "",
            "cipassword": "",
            "ciupgrade": false,
            "ciuser": "ubuntu",
            "clone": "test",
            "clone_id": null,
            "clone_wait": 10,
            "cores": 0,
            "cpu": [
              {
                "affinity": "",
                "cores": 2,
                "flags": [],
                "limit": 0,
                "numa": false,
                "sockets": 1,
                "type": "kvm64",
                "units": 0,
                "vcores": 0
              }
            ],
            "cpu_type": "",
            "current_node": "pve",
            "default_ipv4_address": "",
            "default_ipv6_address": "",
            "define_connection_info": true,
            "desc": null,
            "description": "Managed by Terraform.",
            "disk": [
              {
                "asyncio": "",
                "backup": true,
                "cache": "",
                "discard": false,
                "disk_file": "",
                "emulatessd": false,
                "format": "raw",
                "id": 0,
                "iops_r_burst": 0,
                "iops_r_burst_length": 0,
                "iops_r_concurrent": 0,
                "iops_wr_burst": 0,
                "iops_wr_burst_length": 0,
                "iops_wr_concurrent": 0,
                "iothread": false,
                "iso": "",
                "linked_disk_id": -1,
                "mbps_r_burst": 0,
                "mbps_r_concurrent": 0,
                "mbps_wr_burst": 0,
                "mbps_wr_concurrent": 0,
                "passthrough": false,
                "readonly": false,
                "replicate": false,
                "serial": "",
                "size": "50G",
                "slot": "scsi0",
                "storage": "local-lvm",
                "type": "disk",
                "wwn": ""
              }
            ],
            "disks": [],
            "efidisk": [],
            "force_create": false,
            "force_recreate_on_change_of": null,
            "full_clone": true,
            "hagroup": "",
            "hastate": "",
            "hostpci": [],
            "hotplug": "network,disk,usb",
            "id": "pve/qemu/102",
            "ipconfig0": "ip=192.168.10.10/24,gw=192.168.10.1",
            "ipconfig1": null,
            "ipconfig10": null,
            "ipconfig11": null,
            "ipconfig12": null,
            "ipconfig13": null,
            "ipconfig14": null,
            "ipconfig15": null,
            "ipconfig2": null,
            "ipconfig3": null,
            "ipconfig4": null,
            "ipconfig5": null,
            "ipconfig6": null,
            "ipconfig7": null,
            "ipconfig8": null,
            "ipconfig9": null,
            "kvm": false,
            "linked_vmid": 0,
            "machine": "",
            "memory": 4096,
            "name": "radius-server",
            "nameserver": "8.8.8.8 8.8.4.4",
            "network": [
              {
                "bridge": "vmbr0",
                "firewall": false,
                "id": 0,
                "link_down": false,
                "macaddr": "bc:24:11:ad:ff:29",
                "model": "virtio",
                "mtu": 0,
                "queues": 0,
                "rate": 0,
                "tag": 0
              }
            ],
            "numa": false,
            "onboot": true,
            "os_network_config": null,
            "os_type": null,
            "pci": [],
            "pcis": [],
            "pool": "",
            "protection": false,
            "pxe": null,
            "qemu_os": "other",
            "reboot_required": false,
            "rng": [],
            "scsihw": "lsi",
            "searchdomain": "",
            "serial": [],
            "skip_ipv4": false,
            "skip_ipv6": false,
            "smbios": [
              {
                "family": "",
                "manufacturer": "",
                "product": "",
                "serial": "",
                "sku": "",
                "uuid": "94cab419-ba05-44a4-b1b1-001adab94e89",
                "version": ""
              }
            ],
            "sockets": 0,
            "ssh_forward_ip": null,
            "ssh_host": "",
            "ssh_port": "22",
            "ssh_private_key": null,
            "ssh_user": null,
            "sshkeys": "ssh-rsa AAAAB3NzaC1yc2EAAAADAQABAAACAQCuDBKNG97oqcvp6+JiOQiijCY5BbCWSs3VqycZBOzHBSAkgBkC4rGtQ0zw2Z1UF6ogrSVpUZAViBVM5OSD8CVdYMMUntUGxlZDf1rBUHPu7DW8KFur0QJQDmf1+hk+jesrd7VOHj6hwGrCCVQWtSOLRV9DsVMJvWdvvyYPoYb1FsIyd9wex2/A8BdFVuGpvht1RdO6UZwROalu7A8YkhlPo+Iz0YPYh3/PrLYFjrtyRCxHanfmP6MNkU82zBmBi2e4bxuPJuUDUTg4P5q4rjBD3erIR5gErd+Ce/TobZDGzVgYraa3LTrh6CvRd1Y2/x8/vw2kdLgkhbk1/FW/i4E4HFWvE592KBUqzHuAQawRj70F2O8b9XqgX4/v/SDjS6O4HoB/n25KSHvxNOJzqu7YvdFy/TJg8a95hfgOC38tTzx8qC3kCniSiXBr4G1mCkyuwqcpk7Xb0yCp3LUM9hosSlshO64J6nJX70YCHpXR2dKj23Hnkf5J5TKGZrxZIlMDtyi88mmTc7wkp2EWamDjlJC/gSn/HxUrbXEN3yBng7Osg1DMYjBBSMzz2fhQ8CG0W7VCdjUGCr3JtyMyf5OOa15h4x8sryYJIq30Wrdz/0BUKqUD0AA0/0hOObLf5sP2J0s99NxFLw1GIze/JVT6uW8Hl4Yaam0WDCSyc06VzQ== whoami@Lagman\n",
            "startup": "",
            "tablet": true,
            "tags": " ",
            "target_node": "pve",
            "target_nodes": null,
            "timeouts": null,
            "tpm_state": [],
            "unused_disk": [],
            "usb": [],
            "usbs": [],
            "vcpus": 0,
            "vga": [
              {
                "memory": 16,
                "type": "std"
              }
            ],
            "vm_state": "running",
            "vmid": 102
          },
          "sensitive_attributes": [
            [
              {
                "type": "get_attr",
                "value": "cipassword"
              }
            ],
            [
              {
                "type": "get_attr",
                "value": "ssh_private_key"
              }
            ]
          ],
          "identity_schema_version": 0,
          "private": "eyJlMmJmYjczMC1lY2FhLTExZTYtOGY4OC0zNDM2M2JjN2M0YzAiOnsiY3JlYXRlIjoxMjAwMDAwMDAwMDAwLCJkZWZhdWx0IjoxMjAwMDAwMDAwMDAwLCJkZWxldGUiOjEyMDAwMDAwMDAwMDAsInJlYWQiOjEyMDAwMDAwMDAwMDAsInVwZGF0ZSI6MTIwMDAwMDAwMDAwMH19"
        }
      ]
    }
  ],
  "check_results": null
}
